
Microsoft Visual Studio Solution File, Format Version 12.00
# Visual Studio Version 16
VisualStudioVersion = 16.0.29411.108
MinimumVisualStudioVersion = 10.0.40219.1
Project("{FAE04EC0-301F-11D3-BF4B-00C04F79EFBC}") = "AzureMailJetDemo", "AzureMailJetDemo.csproj", "{E166E20A-97BE-420F-A9B2-B7A07B59ADCF}"
EndProject
Global
	GlobalSection(SolutionConfigurationPlatforms) = preSolution
		Debug|Any CPU = Debug|Any CPU
		Release|Any CPU = Release|Any CPU
	EndGlobalSection
	GlobalSection(ProjectConfigurationPlatforms) = postSolution
		{E166E20A-97BE-420F-A9B2-B7A07B59ADCF}.Debug|Any CPU.ActiveCfg = Debug|Any CPU
		{E166E20A-97BE-420F-A9B2-B7A07B59ADCF}.Debug|Any CPU.Build.0 = Debug|Any CPU
		{E166E20A-97BE-420F-A9B2-B7A07B59ADCF}.Release|Any CPU.ActiveCfg = Release|Any CPU
		{E166E20A-97BE-420F-A9B2-B7A07B59ADCF}.Release|Any CPU.Build.0 = Release|Any CPU
	EndGlobalSection
	GlobalSection(SolutionProperties) = preSolution
		HideSolutionNode = FALSE
	EndGlobalSection
	GlobalSection(ExtensibilityGlobals) = postSolution
		SolutionGuid = {939E1D81-41EB-4121-A627-FC1B22E0C63E}
	EndGlobalSection
EndGlobal
